
Microsoft Visual Studio Solution File, Format Version 12.00
# Visual Studio Version 16
VisualStudioVersion = 16.0.29613.14
MinimumVisualStudioVersion = 10.0.40219.1
Project("{9A19103F-16F7-4668-BE54-9A1E7A4F7556}") = "CumulativeData", "CumulativeData\CumulativeData.csproj", "{F24D6057-204B-42C8-A69D-1956B257CA6C}"
EndProject
Project("{FAE04EC0-301F-11D3-BF4B-00C04F79EFBC}") = "CumulativeData.Test", "CumulativeData.Test\CumulativeData.Test.csproj", "{5CC0FBE2-6BCD-4E05-BF39-BB81025765BC}"
EndProject
Global
	GlobalSection(SolutionConfigurationPlatforms) = preSolution
		Debug|Any CPU = Debug|Any CPU
		Release|Any CPU = Release|Any CPU
	EndGlobalSection
	GlobalSection(ProjectConfigurationPlatforms) = postSolution
		{F24D6057-204B-42C8-A69D-1956B257CA6C}.Debug|Any CPU.ActiveCfg = Debug|Any CPU
		{F24D6057-204B-42C8-A69D-1956B257CA6C}.Debug|Any CPU.Build.0 = Debug|Any CPU
		{F24D6057-204B-42C8-A69D-1956B257CA6C}.Release|Any CPU.ActiveCfg = Release|Any CPU
		{F24D6057-204B-42C8-A69D-1956B257CA6C}.Release|Any CPU.Build.0 = Release|Any CPU
		{5CC0FBE2-6BCD-4E05-BF39-BB81025765BC}.Debug|Any CPU.ActiveCfg = Debug|Any CPU
		{5CC0FBE2-6BCD-4E05-BF39-BB81025765BC}.Debug|Any CPU.Build.0 = Debug|Any CPU
		{5CC0FBE2-6BCD-4E05-BF39-BB81025765BC}.Release|Any CPU.ActiveCfg = Release|Any CPU
		{5CC0FBE2-6BCD-4E05-BF39-BB81025765BC}.Release|Any CPU.Build.0 = Release|Any CPU
	EndGlobalSection
	GlobalSection(SolutionProperties) = preSolution
		HideSolutionNode = FALSE
	EndGlobalSection
	GlobalSection(ExtensibilityGlobals) = postSolution
		SolutionGuid = {24417615-548B-4E72-8468-EA1F38E64DCA}
	EndGlobalSection
EndGlobal
